
Microsoft Visual Studio Solution File, Format Version 12.00
# Visual Studio Version 17
VisualStudioVersion = 17.4.33213.308
MinimumVisualStudioVersion = 10.0.40219.1
Project("{FAE04EC0-301F-11D3-BF4B-00C04F79EFBC}") = "EssentialCSharp7.0", "EssentialCSharp7.0\EssentialCSharp7.0.csproj", "{C38E8D42-7E67-4034-8ACE-68F8DD4E4C34}"
EndProject
Global
	GlobalSection(SolutionConfigurationPlatforms) = preSolution
		Debug|Any CPU = Debug|Any CPU
		Release|Any CPU = Release|Any CPU
	EndGlobalSection
	GlobalSection(ProjectConfigurationPlatforms) = postSolution
		{C38E8D42-7E67-4034-8ACE-68F8DD4E4C34}.Debug|Any CPU.ActiveCfg = Debug|Any CPU
		{C38E8D42-7E67-4034-8ACE-68F8DD4E4C34}.Debug|Any CPU.Build.0 = Debug|Any CPU
		{C38E8D42-7E67-4034-8ACE-68F8DD4E4C34}.Release|Any CPU.ActiveCfg = Release|Any CPU
		{C38E8D42-7E67-4034-8ACE-68F8DD4E4C34}.Release|Any CPU.Build.0 = Release|Any CPU
	EndGlobalSection
	GlobalSection(SolutionProperties) = preSolution
		HideSolutionNode = FALSE
	EndGlobalSection
	GlobalSection(ExtensibilityGlobals) = postSolution
		SolutionGuid = {C42300B7-7284-46DF-90AE-92461BB5ACFC}
	EndGlobalSection
EndGlobal
